Microsoft Visual Studio Solution File, Format Version 11.00
# Visual Studio 2008

Project("{F7641CBE-B297-978D-5C20-BD245E5A33AD}") = "New Unity Project 5 - 副本", "Assembly-CSharp.csproj", "{03DA2C68-AE0E-54AC-A055-FA43172D7248}"
EndProject
Global
	GlobalSection(SolutionConfigurationPlatforms) = preSolution
		Debug|Any CPU = Debug|Any CPU
		Release|Any CPU = Release|Any CPU
	EndGlobalSection
	GlobalSection(ProjectConfigurationPlatforms) = postSolution
		{03DA2C68-AE0E-54AC-A055-FA43172D7248}.Debug|Any CPU.ActiveCfg = Debug|Any CPU
		{03DA2C68-AE0E-54AC-A055-FA43172D7248}.Debug|Any CPU.Build.0 = Debug|Any CPU
		{03DA2C68-AE0E-54AC-A055-FA43172D7248}.Release|Any CPU.ActiveCfg = Release|Any CPU
		{03DA2C68-AE0E-54AC-A055-FA43172D7248}.Release|Any CPU.Build.0 = Release|Any CPU
	EndGlobalSection
	GlobalSection(SolutionProperties) = preSolution
		HideSolutionNode = FALSE
	EndGlobalSection
	GlobalSection(MonoDevelopProperties) = preSolution
		StartupItem = Assembly-CSharp.csproj
	EndGlobalSection
EndGlobal
